{
  "version": 4,
  "terraform_version": "1.8.5",
  "serial": 146,
  "lineage": "bcd78d38-f97f-6fd7-ef22-05c2b9eeaf79",
  "outputs": {
    "Output_InternetGatewayID": {
      "value": "igw-0cb4b1668739dd6b9",
      "type": "string"
    },
    "Output_PrivateSubnet1Id": {
      "value": "subnet-0a88731bddf6a6695",
      "type": "string"
    },
    "Output_PrivateSubnet2Id": {
      "value": "subnet-076401ba17958c172",
      "type": "string"
    },
    "Output_PrivateSubnet3Id": {
      "value": "subnet-0f72e8950dbb64c3e",
      "type": "string"
    },
    "Output_PrivateSubnets": {
      "value": {
        "Output_InternetGatewayID": "igw-0cb4b1668739dd6b9",
        "Output_PrivateSubnet1Id": "subnet-0a88731bddf6a6695",
        "Output_PrivateSubnet2Id": "subnet-076401ba17958c172",
        "Output_PrivateSubnet3Id": "subnet-0f72e8950dbb64c3e",
        "Output_PrivateSubnets": [
          "subnet-0a88731bddf6a6695",
          "subnet-076401ba17958c172",
          "subnet-0f72e8950dbb64c3e"
        ],
        "Output_PublicSubnet1Id": "subnet-085ee9f35c296a55b",
        "Output_PublicSubnet2Id": "subnet-0f42472cb9af797a9",
        "Output_PublicSubnet3Id": "subnet-0bc957df8395b4b14",
        "Output_PublicSubnets": [
          "subnet-085ee9f35c296a55b",
          "subnet-0f42472cb9af797a9",
          "subnet-0bc957df8395b4b14"
        ],
        "Output_VpcCIDR": "10.10.0.0/20",
        "VpcId": "vpc-05e715743bd052660"
      },
      "type": [
        "object",
        {
          "Output_InternetGatewayID": "string",
          "Output_PrivateSubnet1Id": "string",
          "Output_PrivateSubnet2Id": "string",
          "Output_PrivateSubnet3Id": "string",
          "Output_PrivateSubnets": [
            "tuple",
            [
              "string",
              "string",
              "string"
            ]
          ],
          "Output_PublicSubnet1Id": "string",
          "Output_PublicSubnet2Id": "string",
          "Output_PublicSubnet3Id": "string",
          "Output_PublicSubnets": [
            "tuple",
            [
              "string",
              "string",
              "string"
            ]
          ],
          "Output_VpcCIDR": "string",
          "VpcId": "string"
        }
      ]
    },
    "Output_PublicSubnet1Id": {
      "value": "subnet-085ee9f35c296a55b",
      "type": "string"
    },
    "Output_PublicSubnet2Id": {
      "value": "subnet-0f42472cb9af797a9",
      "type": "string"
    },
    "Output_PublicSubnet3Id": {
      "value": "subnet-0bc957df8395b4b14",
      "type": "string"
    },
    "Output_PublicSubnets": {
      "value": [
        "subnet-085ee9f35c296a55b",
        "subnet-0f42472cb9af797a9",
        "subnet-0bc957df8395b4b14"
      ],
      "type": [
        "tuple",
        [
          "string",
          "string",
          "string"
        ]
      ]
    },
    "Output_VpcCIDR": {
      "value": "10.10.0.0/20",
      "type": "string",
      "sensitive": true
    },
    "VpcId": {
      "value": "vpc-05e715743bd052660",
      "type": "string"
    }
  },
  "resources": [
    {
      "mode": "data",
      "type": "terraform_remote_state",
      "name": "network_module",
      "provider": "provider[\"terraform.io/builtin/terraform\"]",
      "instances": [
        {
          "schema_version": 0,
          "attributes": {
            "backend": "local",
            "config": {
              "value": {
                "path": "./terraform.tfstate"
              },
              "type": [
                "object",
                {
                  "path": "string"
                }
              ]
            },
            "defaults": null,
            "outputs": {
              "value": {},
              "type": [
                "object",
                {}
              ]
            },
            "workspace": null
          },
          "sensitive_attributes": []
        }
      ]
    },
    {
      "module": "module.vpc",
      "mode": "data",
      "type": "aws_region",
      "name": "current",
      "provider": "module.vpc.provider[\"registry.terraform.io/hashicorp/aws\"]",
      "instances": [
        {
          "schema_version": 0,
          "attributes": {
            "description": "Europe (Ireland)",
            "endpoint": "ec2.eu-west-1.amazonaws.com",
            "id": "eu-west-1",
            "name": "eu-west-1"
          },
          "sensitive_attributes": []
        }
      ]
    },
    {
      "module": "module.vpc",
      "mode": "managed",
      "type": "aws_iam_role",
      "name": "flow_logs_role",
      "provider": "module.vpc.provider[\"registry.terraform.io/hashicorp/aws\"]",
      "instances": [
        {
          "schema_version": 0,
          "attributes": {
            "arn": "arn:aws:iam::658251713809:role/vpc-flow-logs-flask-eu-west-1",
            "assume_role_policy": "{\"Statement\":[{\"Action\":\"sts:AssumeRole\",\"Effect\":\"Allow\",\"Principal\":{\"Service\":\"vpc-flow-logs.amazonaws.com\"},\"Sid\":\"\"}],\"Version\":\"2012-10-17\"}",
            "create_date": "2025-03-10T16:33:11Z",
            "description": "",
            "force_detach_policies": false,
            "id": "vpc-flow-logs-flask-eu-west-1",
            "inline_policy": [],
            "managed_policy_arns": [],
            "max_session_duration": 3600,
            "name": "vpc-flow-logs-flask-eu-west-1",
            "name_prefix": "",
            "path": "/",
            "permissions_boundary": null,
            "role_last_used": [
              {
                "last_used_date": "",
                "region": ""
              }
            ],
            "tags": {
              "iac": "terraform",
              "owner": "philip.dunn",
              "project": "network",
              "protected": "true"
            },
            "tags_all": {
              "iac": "terraform",
              "owner": "philip.dunn",
              "project": "network",
              "protected": "true"
            },
            "unique_id": "AROAZSQW4BUIU23G4Y6NG"
          },
          "sensitive_attributes": [],
          "private": "bnVsbA==",
          "dependencies": [
            "module.vpc.data.aws_region.current"
          ]
        }
      ]
    },
    {
      "module": "module.vpc",
      "mode": "managed",
      "type": "aws_iam_role_policy",
      "name": "vpc_flow_logs_policy",
      "provider": "module.vpc.provider[\"registry.terraform.io/hashicorp/aws\"]",
      "instances": [
        {
          "schema_version": 0,
          "attributes": {
            "id": "vpc-flow-logs-flask-eu-west-1:vpc_flow_logs_policy",
            "name": "vpc_flow_logs_policy",
            "name_prefix": null,
            "policy": "{\"Version\":\"2012-10-17\",\"Statement\":[{\"Action\":[\"logs:CreateLogGroup\",\"logs:CreateLogStream\",\"logs:PutLogEvents\",\"logs:DescribeLogGroups\",\"logs:DescribeLogStreams\"],\"Effect\":\"Allow\",\"Resource\":\"*\"}]}",
            "role": "vpc-flow-logs-flask-eu-west-1"
          },
          "sensitive_attributes": [],
          "private": "bnVsbA==",
          "dependencies": [
            "module.vpc.aws_iam_role.flow_logs_role",
            "module.vpc.data.aws_region.current"
          ]
        }
      ]
    },
    {
      "module": "module.vpc.module.vpc",
      "mode": "managed",
      "type": "aws_cloudwatch_log_group",
      "name": "flow_log",
      "provider": "module.vpc.provider[\"registry.terraform.io/hashicorp/aws\"]",
      "instances": [
        {
          "index_key": 0,
          "schema_version": 0,
          "attributes": {
            "arn": "arn:aws:logs:eu-west-1:658251713809:log-group:/aws/vpc-flow-log/fargate-flask/eu-west-1",
            "id": "/aws/vpc-flow-log/fargate-flask/eu-west-1",
            "kms_key_id": "",
            "name": "/aws/vpc-flow-log/fargate-flask/eu-west-1",
            "name_prefix": "",
            "retention_in_days": 365,
            "skip_destroy": false,
            "tags": {
              "iac": "terraform",
              "owner": "philip.dunn",
              "project": "network",
              "protected": "true"
            },
            "tags_all": {
              "iac": "terraform",
              "owner": "philip.dunn",
              "project": "network",
              "protected": "true"
            }
          },
          "sensitive_attributes": [],
          "private": "bnVsbA==",
          "dependencies": [
            "module.vpc.data.aws_region.current",
            "module.vpc.module.vpc.aws_vpc.this",
            "module.vpc.module.vpc.aws_vpc_ipv4_cidr_block_association.this"
          ]
        }
      ]
    },
    {
      "module": "module.vpc.module.vpc",
      "mode": "managed",
      "type": "aws_default_network_acl",
      "name": "this",
      "provider": "module.vpc.provider[\"registry.terraform.io/hashicorp/aws\"]",
      "instances": [
        {
          "index_key": 0,
          "schema_version": 0,
          "attributes": {
            "arn": "arn:aws:ec2:eu-west-1:658251713809:network-acl/acl-0e77e1aff5bdcc322",
            "default_network_acl_id": "acl-0e77e1aff5bdcc322",
            "egress": [],
            "id": "acl-0e77e1aff5bdcc322",
            "ingress": [],
            "owner_id": "658251713809",
            "subnet_ids": [
              "subnet-076401ba17958c172",
              "subnet-0f42472cb9af797a9",
              "subnet-0f72e8950dbb64c3e"
            ],
            "tags": {
              "Name": "fargate-flask-nacl-default",
              "iac": "terraform",
              "owner": "philip.dunn",
              "project": "network",
              "protected": "true"
            },
            "tags_all": {
              "Name": "fargate-flask-nacl-default",
              "iac": "terraform",
              "owner": "philip.dunn",
              "project": "network",
              "protected": "true"
            },
            "vpc_id": "vpc-05e715743bd052660"
          },
          "sensitive_attributes": [],
          "private": "bnVsbA==",
          "dependencies": [
            "module.vpc.module.vpc.aws_vpc.this"
          ]
        }
      ]
    },
    {
      "module": "module.vpc.module.vpc",
      "mode": "managed",
      "type": "aws_default_security_group",
      "name": "this",
      "provider": "module.vpc.provider[\"registry.terraform.io/hashicorp/aws\"]",
      "instances": [
        {
          "index_key": 0,
          "schema_version": 1,
          "attributes": {
            "arn": "arn:aws:ec2:eu-west-1:658251713809:security-group/sg-053a9c2921995bc2f",
            "description": "default VPC security group",
            "egress": [],
            "id": "sg-053a9c2921995bc2f",
            "ingress": [],
            "name": "default",
            "name_prefix": "",
            "owner_id": "658251713809",
            "revoke_rules_on_delete": false,
            "tags": {
              "Name": "$fargate-flask-sg-default",
              "iac": "terraform",
              "owner": "philip.dunn",
              "project": "network",
              "protected": "true"
            },
            "tags_all": {
              "Name": "$fargate-flask-sg-default",
              "iac": "terraform",
              "owner": "philip.dunn",
              "project": "network",
              "protected": "true"
            },
            "vpc_id": "vpc-05e715743bd052660"
          },
          "sensitive_attributes": [],
          "private": "eyJzY2hlbWFfdmVyc2lvbiI6IjEifQ==",
          "dependencies": [
            "module.vpc.module.vpc.aws_vpc.this"
          ]
        }
      ]
    },
    {
      "module": "module.vpc.module.vpc",
      "mode": "managed",
      "type": "aws_flow_log",
      "name": "this",
      "provider": "module.vpc.provider[\"registry.terraform.io/hashicorp/aws\"]",
      "instances": [
        {
          "index_key": 0,
          "schema_version": 0,
          "attributes": {
            "arn": "arn:aws:ec2:eu-west-1:658251713809:vpc-flow-log/fl-084c2bd2fc8f7ac69",
            "deliver_cross_account_role": "",
            "destination_options": [],
            "eni_id": null,
            "iam_role_arn": "arn:aws:iam::658251713809:role/vpc-flow-logs-flask-eu-west-1",
            "id": "fl-084c2bd2fc8f7ac69",
            "log_destination": "arn:aws:logs:eu-west-1:658251713809:log-group:/aws/vpc-flow-log/fargate-flask/eu-west-1",
            "log_destination_type": "cloud-watch-logs",
            "log_format": "${version} ${account-id} ${interface-id} ${srcaddr} ${dstaddr} ${srcport} ${dstport} ${protocol} ${packets} ${bytes} ${start} ${end} ${action} ${log-status}",
            "log_group_name": "/aws/vpc-flow-log/fargate-flask/eu-west-1",
            "max_aggregation_interval": 600,
            "subnet_id": null,
            "tags": {
              "iac": "terraform",
              "owner": "philip.dunn",
              "project": "network",
              "protected": "true"
            },
            "tags_all": {
              "iac": "terraform",
              "owner": "philip.dunn",
              "project": "network",
              "protected": "true"
            },
            "traffic_type": "ALL",
            "transit_gateway_attachment_id": null,
            "transit_gateway_id": null,
            "vpc_id": "vpc-05e715743bd052660"
          },
          "sensitive_attributes": [],
          "private": "bnVsbA==",
          "dependencies": [
            "module.vpc.aws_iam_role.flow_logs_role",
            "module.vpc.data.aws_region.current",
            "module.vpc.module.vpc.aws_cloudwatch_log_group.flow_log",
            "module.vpc.module.vpc.aws_iam_role.vpc_flow_log_cloudwatch",
            "module.vpc.module.vpc.aws_vpc.this",
            "module.vpc.module.vpc.aws_vpc_ipv4_cidr_block_association.this",
            "module.vpc.module.vpc.data.aws_iam_policy_document.flow_log_cloudwatch_assume_role"
          ]
        }
      ]
    },
    {
      "module": "module.vpc.module.vpc",
      "mode": "managed",
      "type": "aws_internet_gateway",
      "name": "this",
      "provider": "module.vpc.provider[\"registry.terraform.io/hashicorp/aws\"]",
      "instances": [
        {
          "index_key": 0,
          "schema_version": 0,
          "attributes": {
            "arn": "arn:aws:ec2:eu-west-1:658251713809:internet-gateway/igw-0cb4b1668739dd6b9",
            "id": "igw-0cb4b1668739dd6b9",
            "owner_id": "658251713809",
            "tags": {
              "Name": "fargate-flask-vpc",
              "iac": "terraform",
              "owner": "philip.dunn",
              "project": "network",
              "protected": "true"
            },
            "tags_all": {
              "Name": "fargate-flask-vpc",
              "iac": "terraform",
              "owner": "philip.dunn",
              "project": "network",
              "protected": "true"
            },
            "timeouts": null,
            "vpc_id": "vpc-05e715743bd052660"
          },
          "sensitive_attributes": [],
          "private": "eyJlMmJmYjczMC1lY2FhLTExZTYtOGY4OC0zNDM2M2JjN2M0YzAiOnsiY3JlYXRlIjoxMjAwMDAwMDAwMDAwLCJkZWxldGUiOjEyMDAwMDAwMDAwMDAsInVwZGF0ZSI6MTIwMDAwMDAwMDAwMH19",
          "dependencies": [
            "module.vpc.module.vpc.aws_vpc.this",
            "module.vpc.module.vpc.aws_vpc_ipv4_cidr_block_association.this"
          ]
        }
      ]
    },
    {
      "module": "module.vpc.module.vpc",
      "mode": "managed",
      "type": "aws_network_acl",
      "name": "private",
      "provider": "module.vpc.provider[\"registry.terraform.io/hashicorp/aws\"]",
      "instances": [
        {
          "index_key": 0,
          "schema_version": 0,
          "attributes": {
            "arn": "arn:aws:ec2:eu-west-1:658251713809:network-acl/acl-0eab16e864f78f8dc",
            "egress": [],
            "id": "acl-0eab16e864f78f8dc",
            "ingress": [],
            "owner_id": "658251713809",
            "subnet_ids": [
              "subnet-076401ba17958c172",
              "subnet-0a88731bddf6a6695",
              "subnet-0f72e8950dbb64c3e"
            ],
            "tags": {
              "Name": "fargate-flask-vpc-private",
              "iac": "terraform",
              "owner": "philip.dunn",
              "project": "network",
              "protected": "true"
            },
            "tags_all": {
              "Name": "fargate-flask-vpc-private",
              "iac": "terraform",
              "owner": "philip.dunn",
              "project": "network",
              "protected": "true"
            },
            "vpc_id": "vpc-05e715743bd052660"
          },
          "sensitive_attributes": [],
          "private": "bnVsbA==",
          "dependencies": [
            "module.vpc.data.aws_region.current",
            "module.vpc.module.vpc.aws_subnet.private",
            "module.vpc.module.vpc.aws_vpc.this",
            "module.vpc.module.vpc.aws_vpc_ipv4_cidr_block_association.this"
          ]
        }
      ]
    },
    {
      "module": "module.vpc.module.vpc",
      "mode": "managed",
      "type": "aws_network_acl",
      "name": "public",
      "provider": "module.vpc.provider[\"registry.terraform.io/hashicorp/aws\"]",
      "instances": [
        {
          "index_key": 0,
          "schema_version": 0,
          "attributes": {
            "arn": "arn:aws:ec2:eu-west-1:658251713809:network-acl/acl-0e275650afc549530",
            "egress": [],
            "id": "acl-0e275650afc549530",
            "ingress": [],
            "owner_id": "658251713809",
            "subnet_ids": [
              "subnet-085ee9f35c296a55b",
              "subnet-0bc957df8395b4b14",
              "subnet-0f42472cb9af797a9"
            ],
            "tags": {
              "Name": "fargate-flask-vpc-public",
              "iac": "terraform",
              "owner": "philip.dunn",
              "project": "network",
              "protected": "true"
            },
            "tags_all": {
              "Name": "fargate-flask-vpc-public",
              "iac": "terraform",
              "owner": "philip.dunn",
              "project": "network",
              "protected": "true"
            },
            "vpc_id": "vpc-05e715743bd052660"
          },
          "sensitive_attributes": [],
          "private": "bnVsbA==",
          "dependencies": [
            "module.vpc.data.aws_region.current",
            "module.vpc.module.vpc.aws_subnet.public",
            "module.vpc.module.vpc.aws_vpc.this",
            "module.vpc.module.vpc.aws_vpc_ipv4_cidr_block_association.this"
          ]
        }
      ]
    },
    {
      "module": "module.vpc.module.vpc",
      "mode": "managed",
      "type": "aws_network_acl_rule",
      "name": "private_inbound",
      "provider": "module.vpc.provider[\"registry.terraform.io/hashicorp/aws\"]",
      "instances": [
        {
          "index_key": 0,
          "schema_version": 0,
          "attributes": {
            "cidr_block": "10.10.0.0/20",
            "egress": false,
            "from_port": 1024,
            "icmp_code": null,
            "icmp_type": null,
            "id": "nacl-3781059622",
            "ipv6_cidr_block": "",
            "network_acl_id": "acl-0eab16e864f78f8dc",
            "protocol": "6",
            "rule_action": "allow",
            "rule_number": 10000,
            "to_port": 65535
          },
          "sensitive_attributes": [],
          "private": "bnVsbA==",
          "dependencies": [
            "module.vpc.data.aws_region.current",
            "module.vpc.module.vpc.aws_network_acl.private",
            "module.vpc.module.vpc.aws_subnet.private",
            "module.vpc.module.vpc.aws_vpc.this",
            "module.vpc.module.vpc.aws_vpc_ipv4_cidr_block_association.this"
          ]
        },
        {
          "index_key": 1,
          "schema_version": 0,
          "attributes": {
            "cidr_block": "10.10.0.0/20",
            "egress": false,
            "from_port": 80,
            "icmp_code": null,
            "icmp_type": null,
            "id": "nacl-1019788707",
            "ipv6_cidr_block": "",
            "network_acl_id": "acl-0eab16e864f78f8dc",
            "protocol": "6",
            "rule_action": "allow",
            "rule_number": 10010,
            "to_port": 80
          },
          "sensitive_attributes": [],
          "private": "bnVsbA==",
          "dependencies": [
            "module.vpc.data.aws_region.current",
            "module.vpc.module.vpc.aws_network_acl.private",
            "module.vpc.module.vpc.aws_subnet.private",
            "module.vpc.module.vpc.aws_vpc.this",
            "module.vpc.module.vpc.aws_vpc_ipv4_cidr_block_association.this"
          ]
        },
        {
          "index_key": 2,
          "schema_version": 0,
          "attributes": {
            "cidr_block": "10.10.0.0/20",
            "egress": false,
            "from_port": 443,
            "icmp_code": null,
            "icmp_type": null,
            "id": "nacl-2164445549",
            "ipv6_cidr_block": "",
            "network_acl_id": "acl-0eab16e864f78f8dc",
            "protocol": "6",
            "rule_action": "allow",
            "rule_number": 10020,
            "to_port": 443
          },
          "sensitive_attributes": [],
          "private": "bnVsbA==",
          "dependencies": [
            "module.vpc.data.aws_region.current",
            "module.vpc.module.vpc.aws_network_acl.private",
            "module.vpc.module.vpc.aws_subnet.private",
            "module.vpc.module.vpc.aws_vpc.this",
            "module.vpc.module.vpc.aws_vpc_ipv4_cidr_block_association.this"
          ]
        },
        {
          "index_key": 3,
          "schema_version": 0,
          "attributes": {
            "cidr_block": "0.0.0.0/0",
            "egress": false,
            "from_port": 22,
            "icmp_code": null,
            "icmp_type": null,
            "id": "nacl-3568162569",
            "ipv6_cidr_block": "",
            "network_acl_id": "acl-0eab16e864f78f8dc",
            "protocol": "6",
            "rule_action": "deny",
            "rule_number": 10901,
            "to_port": 22
          },
          "sensitive_attributes": [],
          "private": "bnVsbA==",
          "dependencies": [
            "module.vpc.data.aws_region.current",
            "module.vpc.module.vpc.aws_network_acl.private",
            "module.vpc.module.vpc.aws_subnet.private",
            "module.vpc.module.vpc.aws_vpc.this",
            "module.vpc.module.vpc.aws_vpc_ipv4_cidr_block_association.this"
          ]
        },
        {
          "index_key": 4,
          "schema_version": 0,
          "attributes": {
            "cidr_block": "0.0.0.0/0",
            "egress": false,
            "from_port": 3389,
            "icmp_code": null,
            "icmp_type": null,
            "id": "nacl-2738030073",
            "ipv6_cidr_block": "",
            "network_acl_id": "acl-0eab16e864f78f8dc",
            "protocol": "6",
            "rule_action": "deny",
            "rule_number": 10902,
            "to_port": 3389
          },
          "sensitive_attributes": [],
          "private": "bnVsbA==",
          "dependencies": [
            "module.vpc.data.aws_region.current",
            "module.vpc.module.vpc.aws_network_acl.private",
            "module.vpc.module.vpc.aws_subnet.private",
            "module.vpc.module.vpc.aws_vpc.this",
            "module.vpc.module.vpc.aws_vpc_ipv4_cidr_block_association.this"
          ]
        },
        {
          "index_key": 5,
          "schema_version": 0,
          "attributes": {
            "cidr_block": "0.0.0.0/0",
            "egress": false,
            "from_port": 1024,
            "icmp_code": null,
            "icmp_type": null,
            "id": "nacl-3534277228",
            "ipv6_cidr_block": "",
            "network_acl_id": "acl-0eab16e864f78f8dc",
            "protocol": "6",
            "rule_action": "allow",
            "rule_number": 15000,
            "to_port": 65535
          },
          "sensitive_attributes": [],
          "private": "bnVsbA==",
          "dependencies": [
            "module.vpc.data.aws_region.current",
            "module.vpc.module.vpc.aws_network_acl.private",
            "module.vpc.module.vpc.aws_subnet.private",
            "module.vpc.module.vpc.aws_vpc.this",
            "module.vpc.module.vpc.aws_vpc_ipv4_cidr_block_association.this"
          ]
        }
      ]
    },
    {
      "module": "module.vpc.module.vpc",
      "mode": "managed",
      "type": "aws_network_acl_rule",
      "name": "private_outbound",
      "provider": "module.vpc.provider[\"registry.terraform.io/hashicorp/aws\"]",
      "instances": [
        {
          "index_key": 0,
          "schema_version": 0,
          "attributes": {
            "cidr_block": "0.0.0.0/0",
            "egress": true,
            "from_port": null,
            "icmp_code": null,
            "icmp_type": null,
            "id": "nacl-829103527",
            "ipv6_cidr_block": "",
            "network_acl_id": "acl-0eab16e864f78f8dc",
            "protocol": "-1",
            "rule_action": "allow",
            "rule_number": 10000,
            "to_port": null
          },
          "sensitive_attributes": [],
          "private": "bnVsbA==",
          "dependencies": [
            "module.vpc.data.aws_region.current",
            "module.vpc.module.vpc.aws_network_acl.private",
            "module.vpc.module.vpc.aws_subnet.private",
            "module.vpc.module.vpc.aws_vpc.this",
            "module.vpc.module.vpc.aws_vpc_ipv4_cidr_block_association.this"
          ]
        },
        {
          "index_key": 1,
          "schema_version": 0,
          "attributes": {
            "cidr_block": "0.0.0.0/0",
            "egress": true,
            "from_port": 443,
            "icmp_code": null,
            "icmp_type": null,
            "id": "nacl-3978240879",
            "ipv6_cidr_block": "",
            "network_acl_id": "acl-0eab16e864f78f8dc",
            "protocol": "6",
            "rule_action": "allow",
            "rule_number": 10010,
            "to_port": 443
          },
          "sensitive_attributes": [],
          "private": "bnVsbA==",
          "dependencies": [
            "module.vpc.data.aws_region.current",
            "module.vpc.module.vpc.aws_network_acl.private",
            "module.vpc.module.vpc.aws_subnet.private",
            "module.vpc.module.vpc.aws_vpc.this",
            "module.vpc.module.vpc.aws_vpc_ipv4_cidr_block_association.this"
          ]
        },
        {
          "index_key": 2,
          "schema_version": 0,
          "attributes": {
            "cidr_block": "10.10.0.0/20",
            "egress": true,
            "from_port": 1024,
            "icmp_code": null,
            "icmp_type": null,
            "id": "nacl-646463772",
            "ipv6_cidr_block": "",
            "network_acl_id": "acl-0eab16e864f78f8dc",
            "protocol": "6",
            "rule_action": "allow",
            "rule_number": 11000,
            "to_port": 65535
          },
          "sensitive_attributes": [],
          "private": "bnVsbA==",
          "dependencies": [
            "module.vpc.data.aws_region.current",
            "module.vpc.module.vpc.aws_network_acl.private",
            "module.vpc.module.vpc.aws_subnet.private",
            "module.vpc.module.vpc.aws_vpc.this",
            "module.vpc.module.vpc.aws_vpc_ipv4_cidr_block_association.this"
          ]
        }
      ]
    },
    {
      "module": "module.vpc.module.vpc",
      "mode": "managed",
      "type": "aws_network_acl_rule",
      "name": "public_inbound",
      "provider": "module.vpc.provider[\"registry.terraform.io/hashicorp/aws\"]",
      "instances": [
        {
          "index_key": 0,
          "schema_version": 0,
          "attributes": {
            "cidr_block": "0.0.0.0/0",
            "egress": false,
            "from_port": 80,
            "icmp_code": null,
            "icmp_type": null,
            "id": "nacl-101280231",
            "ipv6_cidr_block": "",
            "network_acl_id": "acl-0e275650afc549530",
            "protocol": "6",
            "rule_action": "allow",
            "rule_number": 10010,
            "to_port": 80
          },
          "sensitive_attributes": [],
          "private": "bnVsbA==",
          "dependencies": [
            "module.vpc.data.aws_region.current",
            "module.vpc.module.vpc.aws_network_acl.public",
            "module.vpc.module.vpc.aws_subnet.public",
            "module.vpc.module.vpc.aws_vpc.this",
            "module.vpc.module.vpc.aws_vpc_ipv4_cidr_block_association.this"
          ]
        },
        {
          "index_key": 1,
          "schema_version": 0,
          "attributes": {
            "cidr_block": "0.0.0.0/0",
            "egress": false,
            "from_port": 443,
            "icmp_code": null,
            "icmp_type": null,
            "id": "nacl-3150120233",
            "ipv6_cidr_block": "",
            "network_acl_id": "acl-0e275650afc549530",
            "protocol": "6",
            "rule_action": "allow",
            "rule_number": 10020,
            "to_port": 443
          },
          "sensitive_attributes": [],
          "private": "bnVsbA==",
          "dependencies": [
            "module.vpc.data.aws_region.current",
            "module.vpc.module.vpc.aws_network_acl.public",
            "module.vpc.module.vpc.aws_subnet.public",
            "module.vpc.module.vpc.aws_vpc.this",
            "module.vpc.module.vpc.aws_vpc_ipv4_cidr_block_association.this"
          ]
        },
        {
          "index_key": 2,
          "schema_version": 0,
          "attributes": {
            "cidr_block": "0.0.0.0/0",
            "egress": false,
            "from_port": 22,
            "icmp_code": null,
            "icmp_type": null,
            "id": "nacl-4000056141",
            "ipv6_cidr_block": "",
            "network_acl_id": "acl-0e275650afc549530",
            "protocol": "6",
            "rule_action": "deny",
            "rule_number": 10901,
            "to_port": 22
          },
          "sensitive_attributes": [],
          "private": "bnVsbA==",
          "dependencies": [
            "module.vpc.data.aws_region.current",
            "module.vpc.module.vpc.aws_network_acl.public",
            "module.vpc.module.vpc.aws_subnet.public",
            "module.vpc.module.vpc.aws_vpc.this",
            "module.vpc.module.vpc.aws_vpc_ipv4_cidr_block_association.this"
          ]
        },
        {
          "index_key": 3,
          "schema_version": 0,
          "attributes": {
            "cidr_block": "0.0.0.0/0",
            "egress": false,
            "from_port": 3389,
            "icmp_code": null,
            "icmp_type": null,
            "id": "nacl-2582827453",
            "ipv6_cidr_block": "",
            "network_acl_id": "acl-0e275650afc549530",
            "protocol": "6",
            "rule_action": "deny",
            "rule_number": 10902,
            "to_port": 3389
          },
          "sensitive_attributes": [],
          "private": "bnVsbA==",
          "dependencies": [
            "module.vpc.data.aws_region.current",
            "module.vpc.module.vpc.aws_network_acl.public",
            "module.vpc.module.vpc.aws_subnet.public",
            "module.vpc.module.vpc.aws_vpc.this",
            "module.vpc.module.vpc.aws_vpc_ipv4_cidr_block_association.this"
          ]
        },
        {
          "index_key": 4,
          "schema_version": 0,
          "attributes": {
            "cidr_block": "0.0.0.0/0",
            "egress": false,
            "from_port": 1024,
            "icmp_code": null,
            "icmp_type": null,
            "id": "nacl-1650748298",
            "ipv6_cidr_block": "",
            "network_acl_id": "acl-0e275650afc549530",
            "protocol": "6",
            "rule_action": "allow",
            "rule_number": 11000,
            "to_port": 65535
          },
          "sensitive_attributes": [],
          "private": "bnVsbA==",
          "dependencies": [
            "module.vpc.data.aws_region.current",
            "module.vpc.module.vpc.aws_network_acl.public",
            "module.vpc.module.vpc.aws_subnet.public",
            "module.vpc.module.vpc.aws_vpc.this",
            "module.vpc.module.vpc.aws_vpc_ipv4_cidr_block_association.this"
          ]
        }
      ]
    },
    {
      "module": "module.vpc.module.vpc",
      "mode": "managed",
      "type": "aws_network_acl_rule",
      "name": "public_outbound",
      "provider": "module.vpc.provider[\"registry.terraform.io/hashicorp/aws\"]",
      "instances": [
        {
          "index_key": 0,
          "schema_version": 0,
          "attributes": {
            "cidr_block": "0.0.0.0/0",
            "egress": true,
            "from_port": 1024,
            "icmp_code": null,
            "icmp_type": null,
            "id": "nacl-3473025547",
            "ipv6_cidr_block": "",
            "network_acl_id": "acl-0e275650afc549530",
            "protocol": "6",
            "rule_action": "allow",
            "rule_number": 10000,
            "to_port": 65535
          },
          "sensitive_attributes": [],
          "private": "bnVsbA==",
          "dependencies": [
            "module.vpc.data.aws_region.current",
            "module.vpc.module.vpc.aws_network_acl.public",
            "module.vpc.module.vpc.aws_subnet.public",
            "module.vpc.module.vpc.aws_vpc.this",
            "module.vpc.module.vpc.aws_vpc_ipv4_cidr_block_association.this"
          ]
        },
        {
          "index_key": 1,
          "schema_version": 0,
          "attributes": {
            "cidr_block": "0.0.0.0/0",
            "egress": true,
            "from_port": 80,
            "icmp_code": null,
            "icmp_type": null,
            "id": "nacl-1420256868",
            "ipv6_cidr_block": "",
            "network_acl_id": "acl-0e275650afc549530",
            "protocol": "6",
            "rule_action": "allow",
            "rule_number": 10010,
            "to_port": 80
          },
          "sensitive_attributes": [],
          "private": "bnVsbA==",
          "dependencies": [
            "module.vpc.data.aws_region.current",
            "module.vpc.module.vpc.aws_network_acl.public",
            "module.vpc.module.vpc.aws_subnet.public",
            "module.vpc.module.vpc.aws_vpc.this",
            "module.vpc.module.vpc.aws_vpc_ipv4_cidr_block_association.this"
          ]
        },
        {
          "index_key": 2,
          "schema_version": 0,
          "attributes": {
            "cidr_block": "0.0.0.0/0",
            "egress": true,
            "from_port": 443,
            "icmp_code": null,
            "icmp_type": null,
            "id": "nacl-590984340",
            "ipv6_cidr_block": "",
            "network_acl_id": "acl-0e275650afc549530",
            "protocol": "6",
            "rule_action": "allow",
            "rule_number": 10020,
            "to_port": 443
          },
          "sensitive_attributes": [],
          "private": "bnVsbA==",
          "dependencies": [
            "module.vpc.data.aws_region.current",
            "module.vpc.module.vpc.aws_network_acl.public",
            "module.vpc.module.vpc.aws_subnet.public",
            "module.vpc.module.vpc.aws_vpc.this",
            "module.vpc.module.vpc.aws_vpc_ipv4_cidr_block_association.this"
          ]
        }
      ]
    },
    {
      "module": "module.vpc.module.vpc",
      "mode": "managed",
      "type": "aws_route",
      "name": "public_internet_gateway",
      "provider": "module.vpc.provider[\"registry.terraform.io/hashicorp/aws\"]",
      "instances": [
        {
          "index_key": 0,
          "schema_version": 0,
          "attributes": {
            "carrier_gateway_id": "",
            "core_network_arn": "",
            "destination_cidr_block": "0.0.0.0/0",
            "destination_ipv6_cidr_block": "",
            "destination_prefix_list_id": "",
            "egress_only_gateway_id": "",
            "gateway_id": "igw-0cb4b1668739dd6b9",
            "id": "r-rtb-08def75f6781a27c31080289494",
            "instance_id": "",
            "instance_owner_id": "",
            "local_gateway_id": "",
            "nat_gateway_id": "",
            "network_interface_id": "",
            "origin": "CreateRoute",
            "route_table_id": "rtb-08def75f6781a27c3",
            "state": "active",
            "timeouts": {
              "create": "5m",
              "delete": null,
              "update": null
            },
            "transit_gateway_id": "",
            "vpc_endpoint_id": "",
            "vpc_peering_connection_id": ""
          },
          "sensitive_attributes": [],
          "private": "eyJlMmJmYjczMC1lY2FhLTExZTYtOGY4OC0zNDM2M2JjN2M0YzAiOnsiY3JlYXRlIjozMDAwMDAwMDAwMDAsImRlbGV0ZSI6MzAwMDAwMDAwMDAwLCJ1cGRhdGUiOjEyMDAwMDAwMDAwMH19",
          "dependencies": [
            "module.vpc.module.vpc.aws_internet_gateway.this",
            "module.vpc.module.vpc.aws_route_table.public",
            "module.vpc.module.vpc.aws_vpc.this",
            "module.vpc.module.vpc.aws_vpc_ipv4_cidr_block_association.this"
          ]
        }
      ]
    },
    {
      "module": "module.vpc.module.vpc",
      "mode": "managed",
      "type": "aws_route_table",
      "name": "private",
      "provider": "module.vpc.provider[\"registry.terraform.io/hashicorp/aws\"]",
      "instances": [
        {
          "index_key": 0,
          "schema_version": 0,
          "attributes": {
            "arn": "arn:aws:ec2:eu-west-1:658251713809:route-table/rtb-06c1881ce79b8b9bf",
            "id": "rtb-06c1881ce79b8b9bf",
            "owner_id": "658251713809",
            "propagating_vgws": [],
            "route": [],
            "tags": {
              "Name": "fargate-flask-vpc-private-eu-west-1a",
              "iac": "terraform",
              "owner": "philip.dunn",
              "project": "network",
              "protected": "true"
            },
            "tags_all": {
              "Name": "fargate-flask-vpc-private-eu-west-1a",
              "iac": "terraform",
              "owner": "philip.dunn",
              "project": "network",
              "protected": "true"
            },
            "timeouts": null,
            "vpc_id": "vpc-05e715743bd052660"
          },
          "sensitive_attributes": [],
          "private": "eyJlMmJmYjczMC1lY2FhLTExZTYtOGY4OC0zNDM2M2JjN2M0YzAiOnsiY3JlYXRlIjozMDAwMDAwMDAwMDAsImRlbGV0ZSI6MzAwMDAwMDAwMDAwLCJ1cGRhdGUiOjEyMDAwMDAwMDAwMH19",
          "dependencies": [
            "module.vpc.data.aws_region.current",
            "module.vpc.module.vpc.aws_vpc.this",
            "module.vpc.module.vpc.aws_vpc_ipv4_cidr_block_association.this"
          ]
        },
        {
          "index_key": 1,
          "schema_version": 0,
          "attributes": {
            "arn": "arn:aws:ec2:eu-west-1:658251713809:route-table/rtb-0ddb9427bcf231e9f",
            "id": "rtb-0ddb9427bcf231e9f",
            "owner_id": "658251713809",
            "propagating_vgws": [],
            "route": [],
            "tags": {
              "Name": "fargate-flask-vpc-private-eu-west-1b",
              "iac": "terraform",
              "owner": "philip.dunn",
              "project": "network",
              "protected": "true"
            },
            "tags_all": {
              "Name": "fargate-flask-vpc-private-eu-west-1b",
              "iac": "terraform",
              "owner": "philip.dunn",
              "project": "network",
              "protected": "true"
            },
            "timeouts": null,
            "vpc_id": "vpc-05e715743bd052660"
          },
          "sensitive_attributes": [],
          "private": "eyJlMmJmYjczMC1lY2FhLTExZTYtOGY4OC0zNDM2M2JjN2M0YzAiOnsiY3JlYXRlIjozMDAwMDAwMDAwMDAsImRlbGV0ZSI6MzAwMDAwMDAwMDAwLCJ1cGRhdGUiOjEyMDAwMDAwMDAwMH19",
          "dependencies": [
            "module.vpc.data.aws_region.current",
            "module.vpc.module.vpc.aws_vpc.this",
            "module.vpc.module.vpc.aws_vpc_ipv4_cidr_block_association.this"
          ]
        },
        {
          "index_key": 2,
          "schema_version": 0,
          "attributes": {
            "arn": "arn:aws:ec2:eu-west-1:658251713809:route-table/rtb-0acc7e7657e61c7dc",
            "id": "rtb-0acc7e7657e61c7dc",
            "owner_id": "658251713809",
            "propagating_vgws": [],
            "route": [],
            "tags": {
              "Name": "fargate-flask-vpc-private-eu-west-1c",
              "iac": "terraform",
              "owner": "philip.dunn",
              "project": "network",
              "protected": "true"
            },
            "tags_all": {
              "Name": "fargate-flask-vpc-private-eu-west-1c",
              "iac": "terraform",
              "owner": "philip.dunn",
              "project": "network",
              "protected": "true"
            },
            "timeouts": null,
            "vpc_id": "vpc-05e715743bd052660"
          },
          "sensitive_attributes": [],
          "private": "eyJlMmJmYjczMC1lY2FhLTExZTYtOGY4OC0zNDM2M2JjN2M0YzAiOnsiY3JlYXRlIjozMDAwMDAwMDAwMDAsImRlbGV0ZSI6MzAwMDAwMDAwMDAwLCJ1cGRhdGUiOjEyMDAwMDAwMDAwMH19",
          "dependencies": [
            "module.vpc.data.aws_region.current",
            "module.vpc.module.vpc.aws_vpc.this",
            "module.vpc.module.vpc.aws_vpc_ipv4_cidr_block_association.this"
          ]
        }
      ]
    },
    {
      "module": "module.vpc.module.vpc",
      "mode": "managed",
      "type": "aws_route_table",
      "name": "public",
      "provider": "module.vpc.provider[\"registry.terraform.io/hashicorp/aws\"]",
      "instances": [
        {
          "index_key": 0,
          "schema_version": 0,
          "attributes": {
            "arn": "arn:aws:ec2:eu-west-1:658251713809:route-table/rtb-08def75f6781a27c3",
            "id": "rtb-08def75f6781a27c3",
            "owner_id": "658251713809",
            "propagating_vgws": [],
            "route": [],
            "tags": {
              "Name": "fargate-flask-vpc-public",
              "iac": "terraform",
              "owner": "philip.dunn",
              "project": "network",
              "protected": "true"
            },
            "tags_all": {
              "Name": "fargate-flask-vpc-public",
              "iac": "terraform",
              "owner": "philip.dunn",
              "project": "network",
              "protected": "true"
            },
            "timeouts": null,
            "vpc_id": "vpc-05e715743bd052660"
          },
          "sensitive_attributes": [],
          "private": "eyJlMmJmYjczMC1lY2FhLTExZTYtOGY4OC0zNDM2M2JjN2M0YzAiOnsiY3JlYXRlIjozMDAwMDAwMDAwMDAsImRlbGV0ZSI6MzAwMDAwMDAwMDAwLCJ1cGRhdGUiOjEyMDAwMDAwMDAwMH19",
          "dependencies": [
            "module.vpc.module.vpc.aws_vpc.this",
            "module.vpc.module.vpc.aws_vpc_ipv4_cidr_block_association.this"
          ]
        }
      ]
    },
    {
      "module": "module.vpc.module.vpc",
      "mode": "managed",
      "type": "aws_route_table_association",
      "name": "private",
      "provider": "module.vpc.provider[\"registry.terraform.io/hashicorp/aws\"]",
      "instances": [
        {
          "index_key": 0,
          "schema_version": 0,
          "attributes": {
            "gateway_id": "",
            "id": "rtbassoc-0f611524ca076215a",
            "route_table_id": "rtb-06c1881ce79b8b9bf",
            "subnet_id": "subnet-0a88731bddf6a6695",
            "timeouts": null
          },
          "sensitive_attributes": [],
          "private": "eyJlMmJmYjczMC1lY2FhLTExZTYtOGY4OC0zNDM2M2JjN2M0YzAiOnsiY3JlYXRlIjozMDAwMDAwMDAwMDAsImRlbGV0ZSI6MzAwMDAwMDAwMDAwLCJ1cGRhdGUiOjEyMDAwMDAwMDAwMH19",
          "dependencies": [
            "module.vpc.data.aws_region.current",
            "module.vpc.module.vpc.aws_route_table.private",
            "module.vpc.module.vpc.aws_subnet.private",
            "module.vpc.module.vpc.aws_vpc.this",
            "module.vpc.module.vpc.aws_vpc_ipv4_cidr_block_association.this"
          ]
        },
        {
          "index_key": 1,
          "schema_version": 0,
          "attributes": {
            "gateway_id": "",
            "id": "rtbassoc-078174c19ce40ea34",
            "route_table_id": "rtb-0ddb9427bcf231e9f",
            "subnet_id": "subnet-076401ba17958c172",
            "timeouts": null
          },
          "sensitive_attributes": [],
          "private": "eyJlMmJmYjczMC1lY2FhLTExZTYtOGY4OC0zNDM2M2JjN2M0YzAiOnsiY3JlYXRlIjozMDAwMDAwMDAwMDAsImRlbGV0ZSI6MzAwMDAwMDAwMDAwLCJ1cGRhdGUiOjEyMDAwMDAwMDAwMH19",
          "dependencies": [
            "module.vpc.data.aws_region.current",
            "module.vpc.module.vpc.aws_route_table.private",
            "module.vpc.module.vpc.aws_subnet.private",
            "module.vpc.module.vpc.aws_vpc.this",
            "module.vpc.module.vpc.aws_vpc_ipv4_cidr_block_association.this"
          ]
        },
        {
          "index_key": 2,
          "schema_version": 0,
          "attributes": {
            "gateway_id": "",
            "id": "rtbassoc-0fc70c1080e24bd95",
            "route_table_id": "rtb-0acc7e7657e61c7dc",
            "subnet_id": "subnet-0f72e8950dbb64c3e",
            "timeouts": null
          },
          "sensitive_attributes": [],
          "private": "eyJlMmJmYjczMC1lY2FhLTExZTYtOGY4OC0zNDM2M2JjN2M0YzAiOnsiY3JlYXRlIjozMDAwMDAwMDAwMDAsImRlbGV0ZSI6MzAwMDAwMDAwMDAwLCJ1cGRhdGUiOjEyMDAwMDAwMDAwMH19",
          "dependencies": [
            "module.vpc.data.aws_region.current",
            "module.vpc.module.vpc.aws_route_table.private",
            "module.vpc.module.vpc.aws_subnet.private",
            "module.vpc.module.vpc.aws_vpc.this",
            "module.vpc.module.vpc.aws_vpc_ipv4_cidr_block_association.this"
          ]
        }
      ]
    },
    {
      "module": "module.vpc.module.vpc",
      "mode": "managed",
      "type": "aws_route_table_association",
      "name": "public",
      "provider": "module.vpc.provider[\"registry.terraform.io/hashicorp/aws\"]",
      "instances": [
        {
          "index_key": 0,
          "schema_version": 0,
          "attributes": {
            "gateway_id": "",
            "id": "rtbassoc-07c4fab8b4aa1371c",
            "route_table_id": "rtb-08def75f6781a27c3",
            "subnet_id": "subnet-085ee9f35c296a55b",
            "timeouts": null
          },
          "sensitive_attributes": [],
          "private": "eyJlMmJmYjczMC1lY2FhLTExZTYtOGY4OC0zNDM2M2JjN2M0YzAiOnsiY3JlYXRlIjozMDAwMDAwMDAwMDAsImRlbGV0ZSI6MzAwMDAwMDAwMDAwLCJ1cGRhdGUiOjEyMDAwMDAwMDAwMH19",
          "dependencies": [
            "module.vpc.data.aws_region.current",
            "module.vpc.module.vpc.aws_route_table.public",
            "module.vpc.module.vpc.aws_subnet.public",
            "module.vpc.module.vpc.aws_vpc.this",
            "module.vpc.module.vpc.aws_vpc_ipv4_cidr_block_association.this"
          ]
        },
        {
          "index_key": 1,
          "schema_version": 0,
          "attributes": {
            "gateway_id": "",
            "id": "rtbassoc-0dcaac88871be5083",
            "route_table_id": "rtb-08def75f6781a27c3",
            "subnet_id": "subnet-0f42472cb9af797a9",
            "timeouts": null
          },
          "sensitive_attributes": [],
          "private": "eyJlMmJmYjczMC1lY2FhLTExZTYtOGY4OC0zNDM2M2JjN2M0YzAiOnsiY3JlYXRlIjozMDAwMDAwMDAwMDAsImRlbGV0ZSI6MzAwMDAwMDAwMDAwLCJ1cGRhdGUiOjEyMDAwMDAwMDAwMH19",
          "dependencies": [
            "module.vpc.data.aws_region.current",
            "module.vpc.module.vpc.aws_route_table.public",
            "module.vpc.module.vpc.aws_subnet.public",
            "module.vpc.module.vpc.aws_vpc.this",
            "module.vpc.module.vpc.aws_vpc_ipv4_cidr_block_association.this"
          ]
        },
        {
          "index_key": 2,
          "schema_version": 0,
          "attributes": {
            "gateway_id": "",
            "id": "rtbassoc-0860d6f07055bbaa1",
            "route_table_id": "rtb-08def75f6781a27c3",
            "subnet_id": "subnet-0bc957df8395b4b14",
            "timeouts": null
          },
          "sensitive_attributes": [],
          "private": "eyJlMmJmYjczMC1lY2FhLTExZTYtOGY4OC0zNDM2M2JjN2M0YzAiOnsiY3JlYXRlIjozMDAwMDAwMDAwMDAsImRlbGV0ZSI6MzAwMDAwMDAwMDAwLCJ1cGRhdGUiOjEyMDAwMDAwMDAwMH19",
          "dependencies": [
            "module.vpc.data.aws_region.current",
            "module.vpc.module.vpc.aws_route_table.public",
            "module.vpc.module.vpc.aws_subnet.public",
            "module.vpc.module.vpc.aws_vpc.this",
            "module.vpc.module.vpc.aws_vpc_ipv4_cidr_block_association.this"
          ]
        }
      ]
    },
    {
      "module": "module.vpc.module.vpc",
      "mode": "managed",
      "type": "aws_subnet",
      "name": "private",
      "provider": "module.vpc.provider[\"registry.terraform.io/hashicorp/aws\"]",
      "instances": [
        {
          "index_key": 0,
          "schema_version": 1,
          "attributes": {
            "arn": "arn:aws:ec2:eu-west-1:658251713809:subnet/subnet-0a88731bddf6a6695",
            "assign_ipv6_address_on_creation": false,
            "availability_zone": "eu-west-1a",
            "availability_zone_id": "euw1-az3",
            "cidr_block": "10.10.0.0/23",
            "customer_owned_ipv4_pool": "",
            "enable_dns64": false,
            "enable_lni_at_device_index": 0,
            "enable_resource_name_dns_a_record_on_launch": false,
            "enable_resource_name_dns_aaaa_record_on_launch": false,
            "id": "subnet-0a88731bddf6a6695",
            "ipv6_cidr_block": "",
            "ipv6_cidr_block_association_id": "",
            "ipv6_native": false,
            "map_customer_owned_ip_on_launch": false,
            "map_public_ip_on_launch": false,
            "outpost_arn": "",
            "owner_id": "658251713809",
            "private_dns_hostname_type_on_launch": "ip-name",
            "tags": {
              "Name": "fargate-flask-vpc-private-eu-west-1a",
              "iac": "terraform",
              "owner": "philip.dunn",
              "project": "network",
              "protected": "true"
            },
            "tags_all": {
              "Name": "fargate-flask-vpc-private-eu-west-1a",
              "iac": "terraform",
              "owner": "philip.dunn",
              "project": "network",
              "protected": "true"
            },
            "timeouts": null,
            "vpc_id": "vpc-05e715743bd052660"
          },
          "sensitive_attributes": [],
          "private": "eyJlMmJmYjczMC1lY2FhLTExZTYtOGY4OC0zNDM2M2JjN2M0YzAiOnsiY3JlYXRlIjo2MDAwMDAwMDAwMDAsImRlbGV0ZSI6MTIwMDAwMDAwMDAwMH0sInNjaGVtYV92ZXJzaW9uIjoiMSJ9",
          "dependencies": [
            "module.vpc.data.aws_region.current",
            "module.vpc.module.vpc.aws_vpc.this",
            "module.vpc.module.vpc.aws_vpc_ipv4_cidr_block_association.this"
          ]
        },
        {
          "index_key": 1,
          "schema_version": 1,
          "attributes": {
            "arn": "arn:aws:ec2:eu-west-1:658251713809:subnet/subnet-076401ba17958c172",
            "assign_ipv6_address_on_creation": false,
            "availability_zone": "eu-west-1b",
            "availability_zone_id": "euw1-az1",
            "cidr_block": "10.10.2.0/23",
            "customer_owned_ipv4_pool": "",
            "enable_dns64": false,
            "enable_lni_at_device_index": 0,
            "enable_resource_name_dns_a_record_on_launch": false,
            "enable_resource_name_dns_aaaa_record_on_launch": false,
            "id": "subnet-076401ba17958c172",
            "ipv6_cidr_block": "",
            "ipv6_cidr_block_association_id": "",
            "ipv6_native": false,
            "map_customer_owned_ip_on_launch": false,
            "map_public_ip_on_launch": false,
            "outpost_arn": "",
            "owner_id": "658251713809",
            "private_dns_hostname_type_on_launch": "ip-name",
            "tags": {
              "Name": "fargate-flask-vpc-private-eu-west-1b",
              "iac": "terraform",
              "owner": "philip.dunn",
              "project": "network",
              "protected": "true"
            },
            "tags_all": {
              "Name": "fargate-flask-vpc-private-eu-west-1b",
              "iac": "terraform",
              "owner": "philip.dunn",
              "project": "network",
              "protected": "true"
            },
            "timeouts": null,
            "vpc_id": "vpc-05e715743bd052660"
          },
          "sensitive_attributes": [],
          "private": "eyJlMmJmYjczMC1lY2FhLTExZTYtOGY4OC0zNDM2M2JjN2M0YzAiOnsiY3JlYXRlIjo2MDAwMDAwMDAwMDAsImRlbGV0ZSI6MTIwMDAwMDAwMDAwMH0sInNjaGVtYV92ZXJzaW9uIjoiMSJ9",
          "dependencies": [
            "module.vpc.data.aws_region.current",
            "module.vpc.module.vpc.aws_vpc.this",
            "module.vpc.module.vpc.aws_vpc_ipv4_cidr_block_association.this"
          ]
        },
        {
          "index_key": 2,
          "schema_version": 1,
          "attributes": {
            "arn": "arn:aws:ec2:eu-west-1:658251713809:subnet/subnet-0f72e8950dbb64c3e",
            "assign_ipv6_address_on_creation": false,
            "availability_zone": "eu-west-1c",
            "availability_zone_id": "euw1-az2",
            "cidr_block": "10.10.4.0/23",
            "customer_owned_ipv4_pool": "",
            "enable_dns64": false,
            "enable_lni_at_device_index": 0,
            "enable_resource_name_dns_a_record_on_launch": false,
            "enable_resource_name_dns_aaaa_record_on_launch": false,
            "id": "subnet-0f72e8950dbb64c3e",
            "ipv6_cidr_block": "",
            "ipv6_cidr_block_association_id": "",
            "ipv6_native": false,
            "map_customer_owned_ip_on_launch": false,
            "map_public_ip_on_launch": false,
            "outpost_arn": "",
            "owner_id": "658251713809",
            "private_dns_hostname_type_on_launch": "ip-name",
            "tags": {
              "Name": "fargate-flask-vpc-private-eu-west-1c",
              "iac": "terraform",
              "owner": "philip.dunn",
              "project": "network",
              "protected": "true"
            },
            "tags_all": {
              "Name": "fargate-flask-vpc-private-eu-west-1c",
              "iac": "terraform",
              "owner": "philip.dunn",
              "project": "network",
              "protected": "true"
            },
            "timeouts": null,
            "vpc_id": "vpc-05e715743bd052660"
          },
          "sensitive_attributes": [],
          "private": "eyJlMmJmYjczMC1lY2FhLTExZTYtOGY4OC0zNDM2M2JjN2M0YzAiOnsiY3JlYXRlIjo2MDAwMDAwMDAwMDAsImRlbGV0ZSI6MTIwMDAwMDAwMDAwMH0sInNjaGVtYV92ZXJzaW9uIjoiMSJ9",
          "dependencies": [
            "module.vpc.data.aws_region.current",
            "module.vpc.module.vpc.aws_vpc.this",
            "module.vpc.module.vpc.aws_vpc_ipv4_cidr_block_association.this"
          ]
        }
      ]
    },
    {
      "module": "module.vpc.module.vpc",
      "mode": "managed",
      "type": "aws_subnet",
      "name": "public",
      "provider": "module.vpc.provider[\"registry.terraform.io/hashicorp/aws\"]",
      "instances": [
        {
          "index_key": 0,
          "schema_version": 1,
          "attributes": {
            "arn": "arn:aws:ec2:eu-west-1:658251713809:subnet/subnet-085ee9f35c296a55b",
            "assign_ipv6_address_on_creation": false,
            "availability_zone": "eu-west-1a",
            "availability_zone_id": "euw1-az3",
            "cidr_block": "10.10.8.0/23",
            "customer_owned_ipv4_pool": "",
            "enable_dns64": false,
            "enable_lni_at_device_index": 0,
            "enable_resource_name_dns_a_record_on_launch": false,
            "enable_resource_name_dns_aaaa_record_on_launch": false,
            "id": "subnet-085ee9f35c296a55b",
            "ipv6_cidr_block": "",
            "ipv6_cidr_block_association_id": "",
            "ipv6_native": false,
            "map_customer_owned_ip_on_launch": false,
            "map_public_ip_on_launch": false,
            "outpost_arn": "",
            "owner_id": "658251713809",
            "private_dns_hostname_type_on_launch": "ip-name",
            "tags": {
              "Name": "fargate-flask-vpc-public-eu-west-1a",
              "iac": "terraform",
              "owner": "philip.dunn",
              "project": "network",
              "protected": "true"
            },
            "tags_all": {
              "Name": "fargate-flask-vpc-public-eu-west-1a",
              "iac": "terraform",
              "owner": "philip.dunn",
              "project": "network",
              "protected": "true"
            },
            "timeouts": null,
            "vpc_id": "vpc-05e715743bd052660"
          },
          "sensitive_attributes": [],
          "private": "eyJlMmJmYjczMC1lY2FhLTExZTYtOGY4OC0zNDM2M2JjN2M0YzAiOnsiY3JlYXRlIjo2MDAwMDAwMDAwMDAsImRlbGV0ZSI6MTIwMDAwMDAwMDAwMH0sInNjaGVtYV92ZXJzaW9uIjoiMSJ9",
          "dependencies": [
            "module.vpc.data.aws_region.current",
            "module.vpc.module.vpc.aws_vpc.this",
            "module.vpc.module.vpc.aws_vpc_ipv4_cidr_block_association.this"
          ]
        },
        {
          "index_key": 1,
          "schema_version": 1,
          "attributes": {
            "arn": "arn:aws:ec2:eu-west-1:658251713809:subnet/subnet-0f42472cb9af797a9",
            "assign_ipv6_address_on_creation": false,
            "availability_zone": "eu-west-1b",
            "availability_zone_id": "euw1-az1",
            "cidr_block": "10.10.10.0/23",
            "customer_owned_ipv4_pool": "",
            "enable_dns64": false,
            "enable_lni_at_device_index": 0,
            "enable_resource_name_dns_a_record_on_launch": false,
            "enable_resource_name_dns_aaaa_record_on_launch": false,
            "id": "subnet-0f42472cb9af797a9",
            "ipv6_cidr_block": "",
            "ipv6_cidr_block_association_id": "",
            "ipv6_native": false,
            "map_customer_owned_ip_on_launch": false,
            "map_public_ip_on_launch": false,
            "outpost_arn": "",
            "owner_id": "658251713809",
            "private_dns_hostname_type_on_launch": "ip-name",
            "tags": {
              "Name": "fargate-flask-vpc-public-eu-west-1b",
              "iac": "terraform",
              "owner": "philip.dunn",
              "project": "network",
              "protected": "true"
            },
            "tags_all": {
              "Name": "fargate-flask-vpc-public-eu-west-1b",
              "iac": "terraform",
              "owner": "philip.dunn",
              "project": "network",
              "protected": "true"
            },
            "timeouts": null,
            "vpc_id": "vpc-05e715743bd052660"
          },
          "sensitive_attributes": [],
          "private": "eyJlMmJmYjczMC1lY2FhLTExZTYtOGY4OC0zNDM2M2JjN2M0YzAiOnsiY3JlYXRlIjo2MDAwMDAwMDAwMDAsImRlbGV0ZSI6MTIwMDAwMDAwMDAwMH0sInNjaGVtYV92ZXJzaW9uIjoiMSJ9",
          "dependencies": [
            "module.vpc.data.aws_region.current",
            "module.vpc.module.vpc.aws_vpc.this",
            "module.vpc.module.vpc.aws_vpc_ipv4_cidr_block_association.this"
          ]
        },
        {
          "index_key": 2,
          "schema_version": 1,
          "attributes": {
            "arn": "arn:aws:ec2:eu-west-1:658251713809:subnet/subnet-0bc957df8395b4b14",
            "assign_ipv6_address_on_creation": false,
            "availability_zone": "eu-west-1c",
            "availability_zone_id": "euw1-az2",
            "cidr_block": "10.10.12.0/23",
            "customer_owned_ipv4_pool": "",
            "enable_dns64": false,
            "enable_lni_at_device_index": 0,
            "enable_resource_name_dns_a_record_on_launch": false,
            "enable_resource_name_dns_aaaa_record_on_launch": false,
            "id": "subnet-0bc957df8395b4b14",
            "ipv6_cidr_block": "",
            "ipv6_cidr_block_association_id": "",
            "ipv6_native": false,
            "map_customer_owned_ip_on_launch": false,
            "map_public_ip_on_launch": false,
            "outpost_arn": "",
            "owner_id": "658251713809",
            "private_dns_hostname_type_on_launch": "ip-name",
            "tags": {
              "Name": "fargate-flask-vpc-public-eu-west-1c",
              "iac": "terraform",
              "owner": "philip.dunn",
              "project": "network",
              "protected": "true"
            },
            "tags_all": {
              "Name": "fargate-flask-vpc-public-eu-west-1c",
              "iac": "terraform",
              "owner": "philip.dunn",
              "project": "network",
              "protected": "true"
            },
            "timeouts": null,
            "vpc_id": "vpc-05e715743bd052660"
          },
          "sensitive_attributes": [],
          "private": "eyJlMmJmYjczMC1lY2FhLTExZTYtOGY4OC0zNDM2M2JjN2M0YzAiOnsiY3JlYXRlIjo2MDAwMDAwMDAwMDAsImRlbGV0ZSI6MTIwMDAwMDAwMDAwMH0sInNjaGVtYV92ZXJzaW9uIjoiMSJ9",
          "dependencies": [
            "module.vpc.data.aws_region.current",
            "module.vpc.module.vpc.aws_vpc.this",
            "module.vpc.module.vpc.aws_vpc_ipv4_cidr_block_association.this"
          ]
        }
      ]
    },
    {
      "module": "module.vpc.module.vpc",
      "mode": "managed",
      "type": "aws_vpc",
      "name": "this",
      "provider": "module.vpc.provider[\"registry.terraform.io/hashicorp/aws\"]",
      "instances": [
        {
          "index_key": 0,
          "schema_version": 1,
          "attributes": {
            "arn": "arn:aws:ec2:eu-west-1:658251713809:vpc/vpc-05e715743bd052660",
            "assign_generated_ipv6_cidr_block": false,
            "cidr_block": "10.10.0.0/20",
            "default_network_acl_id": "acl-0e77e1aff5bdcc322",
            "default_route_table_id": "rtb-0380f6e8d503f13a6",
            "default_security_group_id": "sg-053a9c2921995bc2f",
            "dhcp_options_id": "dopt-ee3f0888",
            "enable_classiclink": false,
            "enable_classiclink_dns_support": false,
            "enable_dns_hostnames": true,
            "enable_dns_support": true,
            "enable_network_address_usage_metrics": false,
            "id": "vpc-05e715743bd052660",
            "instance_tenancy": "default",
            "ipv4_ipam_pool_id": null,
            "ipv4_netmask_length": null,
            "ipv6_association_id": "",
            "ipv6_cidr_block": "",
            "ipv6_cidr_block_network_border_group": "",
            "ipv6_ipam_pool_id": "",
            "ipv6_netmask_length": 0,
            "main_route_table_id": "rtb-0380f6e8d503f13a6",
            "owner_id": "658251713809",
            "tags": {
              "Name": "fargate-flask-vpc",
              "iac": "terraform",
              "owner": "philip.dunn",
              "project": "network",
              "protected": "true"
            },
            "tags_all": {
              "Name": "fargate-flask-vpc",
              "iac": "terraform",
              "owner": "philip.dunn",
              "project": "network",
              "protected": "true"
            }
          },
          "sensitive_attributes": [],
          "private": "eyJzY2hlbWFfdmVyc2lvbiI6IjEifQ=="
        }
      ]
    }
  ],
  "check_results": [
    {
      "object_kind": "var",
      "config_addr": "module.vpc.module.vpc.var.flow_log_file_format",
      "status": "pass",
      "objects": [
        {
          "object_addr": "module.vpc.module.vpc.var.flow_log_file_format",
          "status": "pass"
        }
      ]
    }
  ]
}
